
Microsoft Visual Studio Solution File, Format Version 12.00
# Visual Studio 14
VisualStudioVersion = 14.0.25420.1
MinimumVisualStudioVersion = 10.0.40219.1
Project("{FAE04EC0-301F-11D3-BF4B-00C04F79EFBC}") = "MontalvoSteve_Ex4", "MontalvoSteve_Ex4\MontalvoSteve_Ex4.csproj", "{BEDBA2CE-4FA8-40F5-8DF6-E7DF8F3C0C18}"
EndProject
Global
	GlobalSection(SolutionConfigurationPlatforms) = preSolution
		Debug|Any CPU = Debug|Any CPU
		Release|Any CPU = Release|Any CPU
	EndGlobalSection
	GlobalSection(ProjectConfigurationPlatforms) = postSolution
		{BEDBA2CE-4FA8-40F5-8DF6-E7DF8F3C0C18}.Debug|Any CPU.ActiveCfg = Debug|Any CPU
		{BEDBA2CE-4FA8-40F5-8DF6-E7DF8F3C0C18}.Debug|Any CPU.Build.0 = Debug|Any CPU
		{BEDBA2CE-4FA8-40F5-8DF6-E7DF8F3C0C18}.Release|Any CPU.ActiveCfg = Release|Any CPU
		{BEDBA2CE-4FA8-40F5-8DF6-E7DF8F3C0C18}.Release|Any CPU.Build.0 = Release|Any CPU
	EndGlobalSection
	GlobalSection(SolutionProperties) = preSolution
		HideSolutionNode = FALSE
	EndGlobalSection
EndGlobal
